# This file is automatically @generated by Cargo.
# It is not intended for manual editing.
version = 4

[[package]]
name = "servidor"
version = "0.1.0"
dependencies = [
 "tasks",
]

[[package]]
name = "tasks"
version = "0.1.0"
source = "registry+https://github.com/rust-lang/crates.io-index"
checksum = "42e51c8cb6e2f38519a903a74f5704874c659fe210cf135c6853f3bff44b1863"
